
Microsoft Visual Studio Solution File, Format Version 12.00
# Visual Studio Version 16
VisualStudioVersion = 16.0.29709.97
MinimumVisualStudioVersion = 10.0.40219.1
Project("{FAE04EC0-301F-11D3-BF4B-00C04F79EFBC}") = "Demo project", "Demo project\Demo project.csproj", "{CFE1A226-1F47-462F-940B-90687446EA24}"
EndProject
Project("{2150E333-8FDC-42A3-9474-1A3956D46DE8}") = "res", "res", "{9D124CCF-B08F-493E-A48A-17401ABD0990}"
	ProjectSection(SolutionItems) = preProject
		..\..\Users\nabee\Downloads\fire-fist-ace-4k-artwork-06-1336x768.jpg = ..\..\Users\nabee\Downloads\fire-fist-ace-4k-artwork-06-1336x768.jpg
	EndProjectSection
EndProject
Global
	GlobalSection(SolutionConfigurationPlatforms) = preSolution
		Debug|Any CPU = Debug|Any CPU
		Release|Any CPU = Release|Any CPU
	EndGlobalSection
	GlobalSection(ProjectConfigurationPlatforms) = postSolution
		{CFE1A226-1F47-462F-940B-90687446EA24}.Debug|Any CPU.ActiveCfg = Debug|Any CPU
		{CFE1A226-1F47-462F-940B-90687446EA24}.Debug|Any CPU.Build.0 = Debug|Any CPU
		{CFE1A226-1F47-462F-940B-90687446EA24}.Release|Any CPU.ActiveCfg = Release|Any CPU
		{CFE1A226-1F47-462F-940B-90687446EA24}.Release|Any CPU.Build.0 = Release|Any CPU
	EndGlobalSection
	GlobalSection(SolutionProperties) = preSolution
		HideSolutionNode = FALSE
	EndGlobalSection
	GlobalSection(ExtensibilityGlobals) = postSolution
		SolutionGuid = {460FC74C-814F-4E2E-B0CC-C151DD6963F6}
	EndGlobalSection
EndGlobal
